
Microsoft Visual Studio Solution File, Format Version 12.00
# Visual Studio Version 17
VisualStudioVersion = 17.1.32421.90
MinimumVisualStudioVersion = 10.0.40219.1
Project("{9A19103F-16F7-4668-BE54-9A1E7A4F7556}") = "Esercitazione_dipendenti", "Esercitazione_dipendenti\Esercitazione_dipendenti.csproj", "{31BEFF9E-285C-4250-9286-9A23395ACF70}"
EndProject
Project("{FAE04EC0-301F-11D3-BF4B-00C04F79EFBC}") = "Esercitazione_dipendenti_test", "Esercitazione_dipendenti_test\Esercitazione_dipendenti_test.csproj", "{44D1DF8F-0CFF-491A-BDAA-A5C92F4DBA30}"
EndProject
Project("{FAE04EC0-301F-11D3-BF4B-00C04F79EFBC}") = "ClassLibrary_Esercitazione_Dipendenti", "ClassLibrary_Esercitazione_Dipendenti\ClassLibrary_Esercitazione_Dipendenti.csproj", "{BA433C4D-E6BA-416E-8086-46C24BF3A7DC}"
EndProject
Global
	GlobalSection(SolutionConfigurationPlatforms) = preSolution
		Debug|Any CPU = Debug|Any CPU
		Release|Any CPU = Release|Any CPU
	EndGlobalSection
	GlobalSection(ProjectConfigurationPlatforms) = postSolution
		{31BEFF9E-285C-4250-9286-9A23395ACF70}.Debug|Any CPU.ActiveCfg = Debug|Any CPU
		{31BEFF9E-285C-4250-9286-9A23395ACF70}.Debug|Any CPU.Build.0 = Debug|Any CPU
		{31BEFF9E-285C-4250-9286-9A23395ACF70}.Release|Any CPU.ActiveCfg = Release|Any CPU
		{31BEFF9E-285C-4250-9286-9A23395ACF70}.Release|Any CPU.Build.0 = Release|Any CPU
		{44D1DF8F-0CFF-491A-BDAA-A5C92F4DBA30}.Debug|Any CPU.ActiveCfg = Debug|Any CPU
		{44D1DF8F-0CFF-491A-BDAA-A5C92F4DBA30}.Debug|Any CPU.Build.0 = Debug|Any CPU
		{44D1DF8F-0CFF-491A-BDAA-A5C92F4DBA30}.Release|Any CPU.ActiveCfg = Release|Any CPU
		{44D1DF8F-0CFF-491A-BDAA-A5C92F4DBA30}.Release|Any CPU.Build.0 = Release|Any CPU
		{BA433C4D-E6BA-416E-8086-46C24BF3A7DC}.Debug|Any CPU.ActiveCfg = Debug|Any CPU
		{BA433C4D-E6BA-416E-8086-46C24BF3A7DC}.Debug|Any CPU.Build.0 = Debug|Any CPU
		{BA433C4D-E6BA-416E-8086-46C24BF3A7DC}.Release|Any CPU.ActiveCfg = Release|Any CPU
		{BA433C4D-E6BA-416E-8086-46C24BF3A7DC}.Release|Any CPU.Build.0 = Release|Any CPU
	EndGlobalSection
	GlobalSection(SolutionProperties) = preSolution
		HideSolutionNode = FALSE
	EndGlobalSection
	GlobalSection(ExtensibilityGlobals) = postSolution
		SolutionGuid = {A25FCB2D-E082-48A3-BB4B-261F3FAECB20}
	EndGlobalSection
EndGlobal
